// !$*UTF8*$!
{
	archiveVersion = 1;
	classes = {
	};
	objectVersion = 46;
	objects = {
/* Begin PBXBuildFile section */
		0207DA581B56EA530066E2B4 /* Images.xcassets in Resources */ = {isa = PBXBuildFile; fileRef = 0207DA571B56EA530066E2B4 /* Images.xcassets */; };
		1D3623260D0F684500981E51 /* AppDelegate.m in Sources */ = {isa = PBXBuildFile; fileRef = 1D3623250D0F684500981E51 /* AppDelegate.m */; };
		1D60589B0D05DD56006BFB54 /* main.m in Sources */ = {isa = PBXBuildFile; fileRef = 29B97316FDCFA39411CA2CEA /* main.m */; };
		301BF552109A68D80062928A /* libCordova.a in Frameworks */ = {isa = PBXBuildFile; fileRef = 301BF535109A57CC0062928A /* libCordova.a */; };
		302D95F114D2391D003F00A1 /* MainViewController.m in Sources */ = {isa = PBXBuildFile; fileRef = 302D95EF14D2391D003F00A1 /* MainViewController.m */; };
		302D95F214D2391D003F00A1 /* MainViewController.xib in Resources */ = {isa = PBXBuildFile; fileRef = 302D95F014D2391D003F00A1 /* MainViewController.xib */; };
		3047A5121AB8059700498E2A /* build-debug.xcconfig in Resources */ = {isa = PBXBuildFile; fileRef = 3047A50F1AB8059700498E2A /* build-debug.xcconfig */; };
		3047A5131AB8059700498E2A /* build-release.xcconfig in Resources */ = {isa = PBXBuildFile; fileRef = 3047A5101AB8059700498E2A /* build-release.xcconfig */; };
		3047A5141AB8059700498E2A /* build.xcconfig in Resources */ = {isa = PBXBuildFile; fileRef = 3047A5111AB8059700498E2A /* build.xcconfig */; };
		6AFF5BF91D6E424B00AB3073 /* CDVLaunchScreen.storyboard in Resources */ = {isa = PBXBuildFile; fileRef = 6AFF5BF81D6E424B00AB3073 /* CDVLaunchScreen.storyboard */; };
		5EA38C416E0C4492B223D15C /* AppAvailability.m in Sources */ = {isa = PBXBuildFile; fileRef = B88586A46C264C3282736060 /* AppAvailability.m */; };
		37C848B733A24CD28D04DEDA /* CDVBattery.m in Sources */ = {isa = PBXBuildFile; fileRef = 0E73A687ACD241C9AA8AC32D /* CDVBattery.m */; };
		79B6DBA6B9544796B14B4057 /* UIImage+CropScaleOrientation.m in Sources */ = {isa = PBXBuildFile; fileRef = 120A2596FFDD418AB544FE28 /* UIImage+CropScaleOrientation.m */; };
		5C30B543728746278E5165C8 /* CDVCamera.m in Sources */ = {isa = PBXBuildFile; fileRef = F9448C32DE8B4A7BA8FEACDF /* CDVCamera.m */; };
		1BD124BB14814B42AEEE7DB4 /* CDVJpegHeaderWriter.m in Sources */ = {isa = PBXBuildFile; fileRef = FA372FC988524CC8AEEE0587 /* CDVJpegHeaderWriter.m */; };
		E62A2B1E378340DDB8658096 /* ImageIO.framework in Frameworks */ = {isa = PBXBuildFile; fileRef = EF67BF6E24784B6FB8D53CFF /* ImageIO.framework */; settings = {ATTRIBUTES = (Weak, ); }; };
		9B1C756B69D349668DABD922 /* CoreLocation.framework in Frameworks */ = {isa = PBXBuildFile; fileRef = BA50EEEAA9D8461ABE7FBD80 /* CoreLocation.framework */; };
		04C44BD3D14940388783B94B /* AVFoundation.framework in Frameworks */ = {isa = PBXBuildFile; fileRef = 7221FF007EB74FBEB95C3510 /* AVFoundation.framework */; };
		FBF262CF938044978D9DC642 /* CDVLogger.m in Sources */ = {isa = PBXBuildFile; fileRef = F591969C36054684B051D3EE /* CDVLogger.m */; };
		6081739B205A4567AB403816 /* CDVContacts.m in Sources */ = {isa = PBXBuildFile; fileRef = 1F48789162324F599974CD9D /* CDVContacts.m */; };
		D8B48BDF513E4E40BBAE31D9 /* CDVContact.m in Sources */ = {isa = PBXBuildFile; fileRef = FA3D7EE2FC824322B981E489 /* CDVContact.m */; };
		1190948F24694C2395B55A56 /* AddressBook.framework in Frameworks */ = {isa = PBXBuildFile; fileRef = C8572DF3DAC74258A26DB68A /* AddressBook.framework */; settings = {ATTRIBUTES = (Weak, ); }; };
		2B350B8802644104993F93BA /* AddressBookUI.framework in Frameworks */ = {isa = PBXBuildFile; fileRef = 2218624A401B48F59DA6A445 /* AddressBookUI.framework */; settings = {ATTRIBUTES = (Weak, ); }; };
		580FA8BB43AA43E4B32F295B /* CDVDevice.m in Sources */ = {isa = PBXBuildFile; fileRef = 982D39449E024AB4838D7EEA /* CDVDevice.m */; };
		A3D7A235D0BA4D8B883FB8A1 /* CDVAccelerometer.m in Sources */ = {isa = PBXBuildFile; fileRef = C314A7A0E07C43BA904B4422 /* CDVAccelerometer.m */; };
		3C8ED909D3B649C4AF3B6B82 /* CoreMotion.framework in Frameworks */ = {isa = PBXBuildFile; fileRef = CA2DBF11E0E24F4AA8EC73C1 /* CoreMotion.framework */; };
		1F69A14166594A3998250430 /* CDVCompass.m in Sources */ = {isa = PBXBuildFile; fileRef = 1B878536C1D247C3889DF8C7 /* CDVCompass.m */; };
		D43736F9C386449AA28D8090 /* CDVNotification.m in Sources */ = {isa = PBXBuildFile; fileRef = 42F7117B7DE04DF885F7F67C /* CDVNotification.m */; };
		23558BA59646421F89312263 /* CDVNotification.bundle in Resources */ = {isa = PBXBuildFile; fileRef = 0B7477E5A7F745A4B2155CB3 /* CDVNotification.bundle */; };
		3AE389C8E1E74B2F9BA881D5 /* AudioToolbox.framework in Frameworks */ = {isa = PBXBuildFile; fileRef = AE19E8E528FA4C2CBC66EA6A /* AudioToolbox.framework */; settings = {ATTRIBUTES = (Weak, ); }; };
		C68737EB762F4C1386AF7EE5 /* CDVFile.m in Sources */ = {isa = PBXBuildFile; fileRef = 9EF921092FC24CDC8A3489CA /* CDVFile.m */; };
		F34242A3EF87435590AFEBA6 /* CDVLocalFilesystem.m in Sources */ = {isa = PBXBuildFile; fileRef = E421B67E7FB34952A7CBC93C /* CDVLocalFilesystem.m */; };
		23BB29FACDE54480B6C40D41 /* CDVAssetLibraryFilesystem.m in Sources */ = {isa = PBXBuildFile; fileRef = 3D9A3D85134045C98FCB4EB0 /* CDVAssetLibraryFilesystem.m */; };
		C20EB0EC6755448696CEAE27 /* CDVFileTransfer.m in Sources */ = {isa = PBXBuildFile; fileRef = 31C61B58492F47A6BCECD2DE /* CDVFileTransfer.m */; };
		34C5F33F46034AB5A0AB6288 /* CDVLocation.m in Sources */ = {isa = PBXBuildFile; fileRef = BF45C8FD1CF7471792C1D1FF /* CDVLocation.m */; };
		A2B0BEB4305A497B8EA3601F /* CDVGlobalization.m in Sources */ = {isa = PBXBuildFile; fileRef = E84F4C48B96F42E9A809D5A8 /* CDVGlobalization.m */; };
		D601FAA36730474AB7D603BA /* CDVInAppBrowser.m in Sources */ = {isa = PBXBuildFile; fileRef = E869F2ABFD6F47DABC2C07B8 /* CDVInAppBrowser.m */; };
		A335F462F70F469DAD88120B /* CDVSound.m in Sources */ = {isa = PBXBuildFile; fileRef = 6D4917A23A324983B01D281C /* CDVSound.m */; };
		8D42986E21184C9D98EB13A9 /* CDVCapture.m in Sources */ = {isa = PBXBuildFile; fileRef = 4ECA18787696449D8D48567F /* CDVCapture.m */; };
		B634D3C00AA14B55B1AE742C /* CDVCapture.bundle in Resources */ = {isa = PBXBuildFile; fileRef = B353A337ED7241DE8AE11670 /* CDVCapture.bundle */; };
		A526917DB7EC43998F4384CE /* CDVConnection.m in Sources */ = {isa = PBXBuildFile; fileRef = 4F8CD02CEC3F4C6A855D1B1C /* CDVConnection.m */; };
		1AD69F070D104537BD795F17 /* CDVReachability.m in Sources */ = {isa = PBXBuildFile; fileRef = 7DD89519B6BA4CBCAFD30F77 /* CDVReachability.m */; };
		7118FC7513ED44D4A4718F09 /* SystemConfiguration.framework in Frameworks */ = {isa = PBXBuildFile; fileRef = B743A38BEB1943E29B96A031 /* SystemConfiguration.framework */; settings = {ATTRIBUTES = (Weak, ); }; };
		135A092F1CC847E1ACADFE78 /* CoreTelephony.framework in Frameworks */ = {isa = PBXBuildFile; fileRef = 79FAD817E99D46EF864FAE9A /* CoreTelephony.framework */; };
		F011D1C7613B4C77BD978C5C /* CDVStatusBar.m in Sources */ = {isa = PBXBuildFile; fileRef = 06A752DA197A4A6C8A65211E /* CDVStatusBar.m */; };
		3C8BAC0EE21D4AEEA8E6D18F /* CDVVibration.m in Sources */ = {isa = PBXBuildFile; fileRef = 273C0BC1A9324E7C9AFC68A3 /* CDVVibration.m */; };
		9007A4B624FE4D85B5F6F357 /* CDVMapbox.m in Sources */ = {isa = PBXBuildFile; fileRef = 13ADE27E3DC845ECA3BAF493 /* CDVMapbox.m */; };
		FA978E47F3BC456FAD2AB078 /* libMapbox.a in Frameworks */ = {isa = PBXBuildFile; fileRef = 1D98D20EDB3E4F28A552A7C4 /* libMapbox.a */; };
		D2A0612635384718A60E7F01 /* Mapbox.bundle in Resources */ = {isa = PBXBuildFile; fileRef = 0008AF187029463899F1B84B /* Mapbox.bundle */; };
		598F8B4557164478BC7E3CAD /* Settings.bundle in Resources */ = {isa = PBXBuildFile; fileRef = 4238CE19473F42D49F90D92C /* Settings.bundle */; };
		01A14F509FB546088767D8B0 /* GLKit.framework in Frameworks */ = {isa = PBXBuildFile; fileRef = FCCF9801142A4B0089F16245 /* GLKit.framework */; settings = {ATTRIBUTES = (Weak, ); }; };
		8C9F4E264F6B48CC8B87A590 /* QuartzCore.framework in Frameworks */ = {isa = PBXBuildFile; fileRef = 8B815B9DF577432AA5672502 /* QuartzCore.framework */; settings = {ATTRIBUTES = (Weak, ); }; };
		70895F6D65B8467995B7A147 /* libc++.dylib in Frameworks */ = {isa = PBXBuildFile; fileRef = 1F19D2EF51A04B77B372FCD8 /* libc++.dylib */; settings = {ATTRIBUTES = (Weak, ); }; };
		D45EF796CB4C41F9A4F007CD /* libsqlite3.dylib in Frameworks */ = {isa = PBXBuildFile; fileRef = F4898355E875437FBE5BBB4E /* libsqlite3.dylib */; settings = {ATTRIBUTES = (Weak, ); }; };
		79726F441286404F977D3A62 /* libz.dylib in Frameworks */ = {isa = PBXBuildFile; fileRef = 3020A3CCA42B4D7DADBBC5D9 /* libz.dylib */; settings = {ATTRIBUTES = (Weak, ); }; };
/* End PBXBuildFile section */

/* Begin PBXContainerItemProxy section */
		301BF534109A57CC0062928A /* PBXContainerItemProxy */ = {
			isa = PBXContainerItemProxy;
			containerPortal = 301BF52D109A57CC0062928A /* CordovaLib.xcodeproj */;
			proxyType = 2;
			remoteGlobalIDString = D2AAC07E0554694100DB518D;
			remoteInfo = CordovaLib;
		};
		301BF550109A68C00062928A /* PBXContainerItemProxy */ = {
			isa = PBXContainerItemProxy;
			containerPortal = 301BF52D109A57CC0062928A /* CordovaLib.xcodeproj */;
			proxyType = 1;
			remoteGlobalIDString = D2AAC07D0554694100DB518D;
			remoteInfo = CordovaLib;
		};
/* End PBXContainerItemProxy section */

/* Begin PBXFileReference section */
		0207DA571B56EA530066E2B4 /* Images.xcassets */ = {isa = PBXFileReference; lastKnownFileType = folder.assetcatalog; name = Images.xcassets; path = "FLC Mobile/Images.xcassets"; sourceTree = SOURCE_ROOT; };
		1D3623240D0F684500981E51 /* AppDelegate.h */ = {isa = PBXFileReference; fileEncoding = 4; lastKnownFileType = sourcecode.c.h; path = AppDelegate.h; sourceTree = "<group>"; };
		1D3623250D0F684500981E51 /* AppDelegate.m */ = {isa = PBXFileReference; fileEncoding = 4; lastKnownFileType = sourcecode.c.objc; path = AppDelegate.m; sourceTree = "<group>"; };
		1D6058910D05DD3D006BFB54 /* FLC Mobile.app */ = {isa = PBXFileReference; explicitFileType = wrapper.application; includeInIndex = 0; path = "FLC Mobile.app"; sourceTree = BUILT_PRODUCTS_DIR; };
		29B97316FDCFA39411CA2CEA /* main.m */ = {isa = PBXFileReference; fileEncoding = 4; lastKnownFileType = sourcecode.c.objc; path = main.m; sourceTree = "<group>"; };
		301BF52D109A57CC0062928A /* CordovaLib.xcodeproj */ = {isa = PBXFileReference; lastKnownFileType = "wrapper.pb-project"; name = CordovaLib.xcodeproj; path = CordovaLib/CordovaLib.xcodeproj; sourceTree = "<group>"; };
		301BF56E109A69640062928A /* www */ = {isa = PBXFileReference; lastKnownFileType = folder; path = www; sourceTree = SOURCE_ROOT; };
		302D95EE14D2391D003F00A1 /* MainViewController.h */ = {isa = PBXFileReference; fileEncoding = 4; lastKnownFileType = sourcecode.c.h; path = MainViewController.h; sourceTree = "<group>"; };
		302D95EF14D2391D003F00A1 /* MainViewController.m */ = {isa = PBXFileReference; fileEncoding = 4; lastKnownFileType = sourcecode.c.objc; path = MainViewController.m; sourceTree = "<group>"; };
		302D95F014D2391D003F00A1 /* MainViewController.xib */ = {isa = PBXFileReference; fileEncoding = 4; lastKnownFileType = file.xib; path = MainViewController.xib; sourceTree = "<group>"; };
		3047A50F1AB8059700498E2A /* build-debug.xcconfig */ = {isa = PBXFileReference; fileEncoding = 4; lastKnownFileType = text.xcconfig; name = "build-debug.xcconfig"; path = cordova/build-debug.xcconfig; sourceTree = SOURCE_ROOT; };
		3047A5101AB8059700498E2A /* build-release.xcconfig */ = {isa = PBXFileReference; fileEncoding = 4; lastKnownFileType = text.xcconfig; name = "build-release.xcconfig"; path = cordova/build-release.xcconfig; sourceTree = SOURCE_ROOT; };
		3047A5111AB8059700498E2A /* build.xcconfig */ = {isa = PBXFileReference; fileEncoding = 4; lastKnownFileType = text.xcconfig; name = build.xcconfig; path = cordova/build.xcconfig; sourceTree = SOURCE_ROOT; };
		32CA4F630368D1EE00C91783 /* FLC Mobile-Prefix.pch */ = {isa = PBXFileReference; fileEncoding = 4; lastKnownFileType = sourcecode.c.h; path = "FLC Mobile-Prefix.pch"; sourceTree = "<group>"; };
		6AFF5BF81D6E424B00AB3073 /* CDVLaunchScreen.storyboard */ = {isa = PBXFileReference; fileEncoding = 4; lastKnownFileType = file.storyboard; name = CDVLaunchScreen.storyboard; path = "FLC Mobile/CDVLaunchScreen.storyboard"; sourceTree = SOURCE_ROOT; };
		8D1107310486CEB800E47090 /* FLC Mobile-Info.plist */ = {isa = PBXFileReference; fileEncoding = 4; lastKnownFileType = text.plist.xml; name = "FLC Mobile-Info.plist"; path = "FLC Mobile/FLC Mobile-Info.plist"; plistStructureDefinitionIdentifier = "com.apple.xcode.plist.structure-definition.iphone.info-plist"; sourceTree = SOURCE_ROOT; };
		EB87FDF31871DA8E0020F90C /* www */ = {isa = PBXFileReference; lastKnownFileType = folder; name = www; path = ../../www; sourceTree = "<group>"; };
		EB87FDF41871DAF40020F90C /* config.xml */ = {isa = PBXFileReference; lastKnownFileType = text.xml; name = config.xml; path = ../../config.xml; sourceTree = "<group>"; };
		F840E1F0165FE0F500CFE078 /* config.xml */ = {isa = PBXFileReference; lastKnownFileType = text.xml; name = config.xml; path = "FLC Mobile/config.xml"; sourceTree = "<group>"; };
		ED33DF2A687741AEAF9F8254 /* Bridging-Header.h */ = {isa = PBXFileReference; fileEncoding = 4; lastKnownFileType = sourcecode.c.h; name = "Bridging-Header.h"; path = "Bridging-Header.h"; sourceTree = "<group>"; };
		B88586A46C264C3282736060 /* AppAvailability.m */ = {isa = PBXFileReference; name = "AppAvailability.m"; path = "cordova-plugin-appavailability/AppAvailability.m"; sourceTree = "<group>"; fileEncoding = 4; lastKnownFileType = sourcecode.c.objc; explicitFileType = undefined; includeInIndex = 0; };
		0854F62AEF4B4EFCB9F78451 /* AppAvailability.h */ = {isa = PBXFileReference; name = "AppAvailability.h"; path = "cordova-plugin-appavailability/AppAvailability.h"; sourceTree = "<group>"; fileEncoding = 4; lastKnownFileType = sourcecode.c.h; explicitFileType = undefined; includeInIndex = 0; };
		0E73A687ACD241C9AA8AC32D /* CDVBattery.m */ = {isa = PBXFileReference; name = "CDVBattery.m"; path = "cordova-plugin-battery-status/CDVBattery.m"; sourceTree = "<group>"; fileEncoding = 4; lastKnownFileType = sourcecode.c.objc; explicitFileType = undefined; includeInIndex = 0; };
		3CAC0771443A4B7786CBA2A3 /* CDVBattery.h */ = {isa = PBXFileReference; name = "CDVBattery.h"; path = "cordova-plugin-battery-status/CDVBattery.h"; sourceTree = "<group>"; fileEncoding = 4; lastKnownFileType = sourcecode.c.h; explicitFileType = undefined; includeInIndex = 0; };
		120A2596FFDD418AB544FE28 /* UIImage+CropScaleOrientation.m */ = {isa = PBXFileReference; name = "UIImage+CropScaleOrientation.m"; path = "cordova-plugin-camera/UIImage+CropScaleOrientation.m"; sourceTree = "<group>"; fileEncoding = 4; lastKnownFileType = sourcecode.c.objc; explicitFileType = undefined; includeInIndex = 0; };
		F9448C32DE8B4A7BA8FEACDF /* CDVCamera.m */ = {isa = PBXFileReference; name = "CDVCamera.m"; path = "cordova-plugin-camera/CDVCamera.m"; sourceTree = "<group>"; fileEncoding = 4; lastKnownFileType = sourcecode.c.objc; explicitFileType = undefined; includeInIndex = 0; };
		FA372FC988524CC8AEEE0587 /* CDVJpegHeaderWriter.m */ = {isa = PBXFileReference; name = "CDVJpegHeaderWriter.m"; path = "cordova-plugin-camera/CDVJpegHeaderWriter.m"; sourceTree = "<group>"; fileEncoding = 4; lastKnownFileType = sourcecode.c.objc; explicitFileType = undefined; includeInIndex = 0; };
		F8576215131640468305111B /* UIImage+CropScaleOrientation.h */ = {isa = PBXFileReference; name = "UIImage+CropScaleOrientation.h"; path = "cordova-plugin-camera/UIImage+CropScaleOrientation.h"; sourceTree = "<group>"; fileEncoding = 4; lastKnownFileType = sourcecode.c.h; explicitFileType = undefined; includeInIndex = 0; };
		7D3263DFA6914065854C05FB /* CDVCamera.h */ = {isa = PBXFileReference; name = "CDVCamera.h"; path = "cordova-plugin-camera/CDVCamera.h"; sourceTree = "<group>"; fileEncoding = 4; lastKnownFileType = sourcecode.c.h; explicitFileType = undefined; includeInIndex = 0; };
		DCBB053BC0FA45B085D9892F /* CDVJpegHeaderWriter.h */ = {isa = PBXFileReference; name = "CDVJpegHeaderWriter.h"; path = "cordova-plugin-camera/CDVJpegHeaderWriter.h"; sourceTree = "<group>"; fileEncoding = 4; lastKnownFileType = sourcecode.c.h; explicitFileType = undefined; includeInIndex = 0; };
		28775C84EE93468DBB5B90DE /* CDVExif.h */ = {isa = PBXFileReference; name = "CDVExif.h"; path = "cordova-plugin-camera/CDVExif.h"; sourceTree = "<group>"; fileEncoding = 4; lastKnownFileType = sourcecode.c.h; explicitFileType = undefined; includeInIndex = 0; };
		EF67BF6E24784B6FB8D53CFF /* ImageIO.framework */ = {isa = PBXFileReference; name = "ImageIO.framework"; path = "System/Library/Frameworks/ImageIO.framework"; sourceTree = SDKROOT; fileEncoding = undefined; lastKnownFileType = wrapper.framework; explicitFileType = undefined; includeInIndex = 0; };
		BA50EEEAA9D8461ABE7FBD80 /* CoreLocation.framework */ = {isa = PBXFileReference; name = "CoreLocation.framework"; path = "System/Library/Frameworks/CoreLocation.framework"; sourceTree = SDKROOT; fileEncoding = undefined; lastKnownFileType = wrapper.framework; explicitFileType = undefined; includeInIndex = 0; };
		7221FF007EB74FBEB95C3510 /* AVFoundation.framework */ = {isa = PBXFileReference; name = "AVFoundation.framework"; path = "System/Library/Frameworks/AVFoundation.framework"; sourceTree = SDKROOT; fileEncoding = undefined; lastKnownFileType = wrapper.framework; explicitFileType = undefined; includeInIndex = 0; };
		F591969C36054684B051D3EE /* CDVLogger.m */ = {isa = PBXFileReference; name = "CDVLogger.m"; path = "cordova-plugin-console/CDVLogger.m"; sourceTree = "<group>"; fileEncoding = 4; lastKnownFileType = sourcecode.c.objc; explicitFileType = undefined; includeInIndex = 0; };
		E2CB3190C51247F3B96EF98B /* CDVLogger.h */ = {isa = PBXFileReference; name = "CDVLogger.h"; path = "cordova-plugin-console/CDVLogger.h"; sourceTree = "<group>"; fileEncoding = 4; lastKnownFileType = sourcecode.c.h; explicitFileType = undefined; includeInIndex = 0; };
		1F48789162324F599974CD9D /* CDVContacts.m */ = {isa = PBXFileReference; name = "CDVContacts.m"; path = "cordova-plugin-contacts/CDVContacts.m"; sourceTree = "<group>"; fileEncoding = 4; lastKnownFileType = sourcecode.c.objc; explicitFileType = undefined; includeInIndex = 0; };
		FA3D7EE2FC824322B981E489 /* CDVContact.m */ = {isa = PBXFileReference; name = "CDVContact.m"; path = "cordova-plugin-contacts/CDVContact.m"; sourceTree = "<group>"; fileEncoding = 4; lastKnownFileType = sourcecode.c.objc; explicitFileType = undefined; includeInIndex = 0; };
		B828C24980854ACCAD8E7A55 /* CDVContacts.h */ = {isa = PBXFileReference; name = "CDVContacts.h"; path = "cordova-plugin-contacts/CDVContacts.h"; sourceTree = "<group>"; fileEncoding = 4; lastKnownFileType = sourcecode.c.h; explicitFileType = undefined; includeInIndex = 0; };
		A780762385134EC291672C36 /* CDVContact.h */ = {isa = PBXFileReference; name = "CDVContact.h"; path = "cordova-plugin-contacts/CDVContact.h"; sourceTree = "<group>"; fileEncoding = 4; lastKnownFileType = sourcecode.c.h; explicitFileType = undefined; includeInIndex = 0; };
		C8572DF3DAC74258A26DB68A /* AddressBook.framework */ = {isa = PBXFileReference; name = "AddressBook.framework"; path = "System/Library/Frameworks/AddressBook.framework"; sourceTree = SDKROOT; fileEncoding = undefined; lastKnownFileType = wrapper.framework; explicitFileType = undefined; includeInIndex = 0; };
		2218624A401B48F59DA6A445 /* AddressBookUI.framework */ = {isa = PBXFileReference; name = "AddressBookUI.framework"; path = "System/Library/Frameworks/AddressBookUI.framework"; sourceTree = SDKROOT; fileEncoding = undefined; lastKnownFileType = wrapper.framework; explicitFileType = undefined; includeInIndex = 0; };
		982D39449E024AB4838D7EEA /* CDVDevice.m */ = {isa = PBXFileReference; name = "CDVDevice.m"; path = "cordova-plugin-device/CDVDevice.m"; sourceTree = "<group>"; fileEncoding = 4; lastKnownFileType = sourcecode.c.objc; explicitFileType = undefined; includeInIndex = 0; };
		568C9928548B40D0A8442A33 /* CDVDevice.h */ = {isa = PBXFileReference; name = "CDVDevice.h"; path = "cordova-plugin-device/CDVDevice.h"; sourceTree = "<group>"; fileEncoding = 4; lastKnownFileType = sourcecode.c.h; explicitFileType = undefined; includeInIndex = 0; };
		C314A7A0E07C43BA904B4422 /* CDVAccelerometer.m */ = {isa = PBXFileReference; name = "CDVAccelerometer.m"; path = "cordova-plugin-device-motion/CDVAccelerometer.m"; sourceTree = "<group>"; fileEncoding = 4; lastKnownFileType = sourcecode.c.objc; explicitFileType = undefined; includeInIndex = 0; };
		EE223B53E1654C64BC38BCE2 /* CDVAccelerometer.h */ = {isa = PBXFileReference; name = "CDVAccelerometer.h"; path = "cordova-plugin-device-motion/CDVAccelerometer.h"; sourceTree = "<group>"; fileEncoding = 4; lastKnownFileType = sourcecode.c.h; explicitFileType = undefined; includeInIndex = 0; };
		CA2DBF11E0E24F4AA8EC73C1 /* CoreMotion.framework */ = {isa = PBXFileReference; name = "CoreMotion.framework"; path = "System/Library/Frameworks/CoreMotion.framework"; sourceTree = SDKROOT; fileEncoding = undefined; lastKnownFileType = wrapper.framework; explicitFileType = undefined; includeInIndex = 0; };
		1B878536C1D247C3889DF8C7 /* CDVCompass.m */ = {isa = PBXFileReference; name = "CDVCompass.m"; path = "cordova-plugin-device-orientation/CDVCompass.m"; sourceTree = "<group>"; fileEncoding = 4; lastKnownFileType = sourcecode.c.objc; explicitFileType = undefined; includeInIndex = 0; };
		5F9E8886EE844AC188996D02 /* CDVCompass.h */ = {isa = PBXFileReference; name = "CDVCompass.h"; path = "cordova-plugin-device-orientation/CDVCompass.h"; sourceTree = "<group>"; fileEncoding = 4; lastKnownFileType = sourcecode.c.h; explicitFileType = undefined; includeInIndex = 0; };
		42F7117B7DE04DF885F7F67C /* CDVNotification.m */ = {isa = PBXFileReference; name = "CDVNotification.m"; path = "cordova-plugin-dialogs/CDVNotification.m"; sourceTree = "<group>"; fileEncoding = 4; lastKnownFileType = sourcecode.c.objc; explicitFileType = undefined; includeInIndex = 0; };
		FA1132DA3BA74837B28A6DAC /* CDVNotification.h */ = {isa = PBXFileReference; name = "CDVNotification.h"; path = "cordova-plugin-dialogs/CDVNotification.h"; sourceTree = "<group>"; fileEncoding = 4; lastKnownFileType = sourcecode.c.h; explicitFileType = undefined; includeInIndex = 0; };
		0B7477E5A7F745A4B2155CB3 /* CDVNotification.bundle */ = {isa = PBXFileReference; name = "CDVNotification.bundle"; path = "CDVNotification.bundle"; sourceTree = "<group>"; fileEncoding = undefined; lastKnownFileType = wrapper.plug-in; explicitFileType = undefined; includeInIndex = 0; };
		AE19E8E528FA4C2CBC66EA6A /* AudioToolbox.framework */ = {isa = PBXFileReference; name = "AudioToolbox.framework"; path = "System/Library/Frameworks/AudioToolbox.framework"; sourceTree = SDKROOT; fileEncoding = undefined; lastKnownFileType = wrapper.framework; explicitFileType = undefined; includeInIndex = 0; };
		9EF921092FC24CDC8A3489CA /* CDVFile.m */ = {isa = PBXFileReference; name = "CDVFile.m"; path = "cordova-plugin-file/CDVFile.m"; sourceTree = "<group>"; fileEncoding = 4; lastKnownFileType = sourcecode.c.objc; explicitFileType = undefined; includeInIndex = 0; };
		E421B67E7FB34952A7CBC93C /* CDVLocalFilesystem.m */ = {isa = PBXFileReference; name = "CDVLocalFilesystem.m"; path = "cordova-plugin-file/CDVLocalFilesystem.m"; sourceTree = "<group>"; fileEncoding = 4; lastKnownFileType = sourcecode.c.objc; explicitFileType = undefined; includeInIndex = 0; };
		3D9A3D85134045C98FCB4EB0 /* CDVAssetLibraryFilesystem.m */ = {isa = PBXFileReference; name = "CDVAssetLibraryFilesystem.m"; path = "cordova-plugin-file/CDVAssetLibraryFilesystem.m"; sourceTree = "<group>"; fileEncoding = 4; lastKnownFileType = sourcecode.c.objc; explicitFileType = undefined; includeInIndex = 0; };
		5440FF6313B74F24B539AF47 /* CDVFile.h */ = {isa = PBXFileReference; name = "CDVFile.h"; path = "cordova-plugin-file/CDVFile.h"; sourceTree = "<group>"; fileEncoding = 4; lastKnownFileType = sourcecode.c.h; explicitFileType = undefined; includeInIndex = 0; };
		F9E59BD7A2DB4B4BB8E525EF /* CDVLocalFilesystem.h */ = {isa = PBXFileReference; name = "CDVLocalFilesystem.h"; path = "cordova-plugin-file/CDVLocalFilesystem.h"; sourceTree = "<group>"; fileEncoding = 4; lastKnownFileType = sourcecode.c.h; explicitFileType = undefined; includeInIndex = 0; };
		5EEB3FF9D42F4CDA9C8E954E /* CDVAssetLibraryFilesystem.h */ = {isa = PBXFileReference; name = "CDVAssetLibraryFilesystem.h"; path = "cordova-plugin-file/CDVAssetLibraryFilesystem.h"; sourceTree = "<group>"; fileEncoding = 4; lastKnownFileType = sourcecode.c.h; explicitFileType = undefined; includeInIndex = 0; };
		31C61B58492F47A6BCECD2DE /* CDVFileTransfer.m */ = {isa = PBXFileReference; name = "CDVFileTransfer.m"; path = "cordova-plugin-file-transfer/CDVFileTransfer.m"; sourceTree = "<group>"; fileEncoding = 4; lastKnownFileType = sourcecode.c.objc; explicitFileType = undefined; includeInIndex = 0; };
		F473D514F7534C8AA777C30F /* CDVFileTransfer.h */ = {isa = PBXFileReference; name = "CDVFileTransfer.h"; path = "cordova-plugin-file-transfer/CDVFileTransfer.h"; sourceTree = "<group>"; fileEncoding = 4; lastKnownFileType = sourcecode.c.h; explicitFileType = undefined; includeInIndex = 0; };
		BF45C8FD1CF7471792C1D1FF /* CDVLocation.m */ = {isa = PBXFileReference; name = "CDVLocation.m"; path = "cordova-plugin-geolocation/CDVLocation.m"; sourceTree = "<group>"; fileEncoding = 4; lastKnownFileType = sourcecode.c.objc; explicitFileType = undefined; includeInIndex = 0; };
		D1F53027F14B4036BBDA6A11 /* CDVLocation.h */ = {isa = PBXFileReference; name = "CDVLocation.h"; path = "cordova-plugin-geolocation/CDVLocation.h"; sourceTree = "<group>"; fileEncoding = 4; lastKnownFileType = sourcecode.c.h; explicitFileType = undefined; includeInIndex = 0; };
		E84F4C48B96F42E9A809D5A8 /* CDVGlobalization.m */ = {isa = PBXFileReference; name = "CDVGlobalization.m"; path = "cordova-plugin-globalization/CDVGlobalization.m"; sourceTree = "<group>"; fileEncoding = 4; lastKnownFileType = sourcecode.c.objc; explicitFileType = undefined; includeInIndex = 0; };
		BCC9AC5BC4114427AD1C3CDB /* CDVGlobalization.h */ = {isa = PBXFileReference; name = "CDVGlobalization.h"; path = "cordova-plugin-globalization/CDVGlobalization.h"; sourceTree = "<group>"; fileEncoding = 4; lastKnownFileType = sourcecode.c.h; explicitFileType = undefined; includeInIndex = 0; };
		E869F2ABFD6F47DABC2C07B8 /* CDVInAppBrowser.m */ = {isa = PBXFileReference; name = "CDVInAppBrowser.m"; path = "cordova-plugin-inappbrowser/CDVInAppBrowser.m"; sourceTree = "<group>"; fileEncoding = 4; lastKnownFileType = sourcecode.c.objc; explicitFileType = undefined; includeInIndex = 0; };
		3FD22292AB6743F68AB3C498 /* CDVInAppBrowser.h */ = {isa = PBXFileReference; name = "CDVInAppBrowser.h"; path = "cordova-plugin-inappbrowser/CDVInAppBrowser.h"; sourceTree = "<group>"; fileEncoding = 4; lastKnownFileType = sourcecode.c.h; explicitFileType = undefined; includeInIndex = 0; };
		6D4917A23A324983B01D281C /* CDVSound.m */ = {isa = PBXFileReference; name = "CDVSound.m"; path = "cordova-plugin-media/CDVSound.m"; sourceTree = "<group>"; fileEncoding = 4; lastKnownFileType = sourcecode.c.objc; explicitFileType = undefined; includeInIndex = 0; };
		92560B6642C04A23916FD0FE /* CDVSound.h */ = {isa = PBXFileReference; name = "CDVSound.h"; path = "cordova-plugin-media/CDVSound.h"; sourceTree = "<group>"; fileEncoding = 4; lastKnownFileType = sourcecode.c.h; explicitFileType = undefined; includeInIndex = 0; };
		4ECA18787696449D8D48567F /* CDVCapture.m */ = {isa = PBXFileReference; name = "CDVCapture.m"; path = "cordova-plugin-media-capture/CDVCapture.m"; sourceTree = "<group>"; fileEncoding = 4; lastKnownFileType = sourcecode.c.objc; explicitFileType = undefined; includeInIndex = 0; };
		3F1D8A3C172E4A5CBBDEBAFC /* CDVCapture.h */ = {isa = PBXFileReference; name = "CDVCapture.h"; path = "cordova-plugin-media-capture/CDVCapture.h"; sourceTree = "<group>"; fileEncoding = 4; lastKnownFileType = sourcecode.c.h; explicitFileType = undefined; includeInIndex = 0; };
		B353A337ED7241DE8AE11670 /* CDVCapture.bundle */ = {isa = PBXFileReference; name = "CDVCapture.bundle"; path = "CDVCapture.bundle"; sourceTree = "<group>"; fileEncoding = undefined; lastKnownFileType = wrapper.plug-in; explicitFileType = undefined; includeInIndex = 0; };
		4F8CD02CEC3F4C6A855D1B1C /* CDVConnection.m */ = {isa = PBXFileReference; name = "CDVConnection.m"; path = "cordova-plugin-network-information/CDVConnection.m"; sourceTree = "<group>"; fileEncoding = 4; lastKnownFileType = sourcecode.c.objc; explicitFileType = undefined; includeInIndex = 0; };
		7DD89519B6BA4CBCAFD30F77 /* CDVReachability.m */ = {isa = PBXFileReference; name = "CDVReachability.m"; path = "cordova-plugin-network-information/CDVReachability.m"; sourceTree = "<group>"; fileEncoding = 4; lastKnownFileType = sourcecode.c.objc; explicitFileType = undefined; includeInIndex = 0; };
		B52FAC5149FF4D0A89F56C9E /* CDVConnection.h */ = {isa = PBXFileReference; name = "CDVConnection.h"; path = "cordova-plugin-network-information/CDVConnection.h"; sourceTree = "<group>"; fileEncoding = 4; lastKnownFileType = sourcecode.c.h; explicitFileType = undefined; includeInIndex = 0; };
		9CEA9305197D40C481AAFFEC /* CDVReachability.h */ = {isa = PBXFileReference; name = "CDVReachability.h"; path = "cordova-plugin-network-information/CDVReachability.h"; sourceTree = "<group>"; fileEncoding = 4; lastKnownFileType = sourcecode.c.h; explicitFileType = undefined; includeInIndex = 0; };
		B743A38BEB1943E29B96A031 /* SystemConfiguration.framework */ = {isa = PBXFileReference; name = "SystemConfiguration.framework"; path = "System/Library/Frameworks/SystemConfiguration.framework"; sourceTree = SDKROOT; fileEncoding = undefined; lastKnownFileType = wrapper.framework; explicitFileType = undefined; includeInIndex = 0; };
		79FAD817E99D46EF864FAE9A /* CoreTelephony.framework */ = {isa = PBXFileReference; name = "CoreTelephony.framework"; path = "System/Library/Frameworks/CoreTelephony.framework"; sourceTree = SDKROOT; fileEncoding = undefined; lastKnownFileType = wrapper.framework; explicitFileType = undefined; includeInIndex = 0; };
		06A752DA197A4A6C8A65211E /* CDVStatusBar.m */ = {isa = PBXFileReference; name = "CDVStatusBar.m"; path = "cordova-plugin-statusbar/CDVStatusBar.m"; sourceTree = "<group>"; fileEncoding = 4; lastKnownFileType = sourcecode.c.objc; explicitFileType = undefined; includeInIndex = 0; };
		8017EB313ACD4E0C9CA357F1 /* CDVStatusBar.h */ = {isa = PBXFileReference; name = "CDVStatusBar.h"; path = "cordova-plugin-statusbar/CDVStatusBar.h"; sourceTree = "<group>"; fileEncoding = 4; lastKnownFileType = sourcecode.c.h; explicitFileType = undefined; includeInIndex = 0; };
		273C0BC1A9324E7C9AFC68A3 /* CDVVibration.m */ = {isa = PBXFileReference; name = "CDVVibration.m"; path = "cordova-plugin-vibration/CDVVibration.m"; sourceTree = "<group>"; fileEncoding = 4; lastKnownFileType = sourcecode.c.objc; explicitFileType = undefined; includeInIndex = 0; };
		314AECB91673456380A535F3 /* CDVVibration.h */ = {isa = PBXFileReference; name = "CDVVibration.h"; path = "cordova-plugin-vibration/CDVVibration.h"; sourceTree = "<group>"; fileEncoding = 4; lastKnownFileType = sourcecode.c.h; explicitFileType = undefined; includeInIndex = 0; };
		13ADE27E3DC845ECA3BAF493 /* CDVMapbox.m */ = {isa = PBXFileReference; name = "CDVMapbox.m"; path = "cordova-plugin-mapbox/CDVMapbox.m"; sourceTree = "<group>"; fileEncoding = 4; lastKnownFileType = sourcecode.c.objc; explicitFileType = undefined; includeInIndex = 0; };
		1D98D20EDB3E4F28A552A7C4 /* libMapbox.a */ = {isa = PBXFileReference; name = "libMapbox.a"; path = "FLC Mobile/Plugins/cordova-plugin-mapbox/libMapbox.a"; sourceTree = "<group>"; fileEncoding = undefined; lastKnownFileType = archive.ar; explicitFileType = undefined; includeInIndex = 0; };
		30330969205D458C926E1870 /* CDVMapbox.h */ = {isa = PBXFileReference; name = "CDVMapbox.h"; path = "cordova-plugin-mapbox/CDVMapbox.h"; sourceTree = "<group>"; fileEncoding = 4; lastKnownFileType = sourcecode.c.h; explicitFileType = undefined; includeInIndex = 0; };
		616050BE6D1742E288419012 /* Mapbox.h */ = {isa = PBXFileReference; name = "Mapbox.h"; path = "cordova-plugin-mapbox/Mapbox.h"; sourceTree = "<group>"; fileEncoding = 4; lastKnownFileType = sourcecode.c.h; explicitFileType = undefined; includeInIndex = 0; };
		7687C06A832A4DBC8590639F /* MGLAccountManager.h */ = {isa = PBXFileReference; name = "MGLAccountManager.h"; path = "cordova-plugin-mapbox/MGLAccountManager.h"; sourceTree = "<group>"; fileEncoding = 4; lastKnownFileType = sourcecode.c.h; explicitFileType = undefined; includeInIndex = 0; };
		D786BF7522B7459A9E6CF2F4 /* MGLAnnotation.h */ = {isa = PBXFileReference; name = "MGLAnnotation.h"; path = "cordova-plugin-mapbox/MGLAnnotation.h"; sourceTree = "<group>"; fileEncoding = 4; lastKnownFileType = sourcecode.c.h; explicitFileType = undefined; includeInIndex = 0; };
		0AA030103E974D8EA80CD195 /* MGLAnnotationImage.h */ = {isa = PBXFileReference; name = "MGLAnnotationImage.h"; path = "cordova-plugin-mapbox/MGLAnnotationImage.h"; sourceTree = "<group>"; fileEncoding = 4; lastKnownFileType = sourcecode.c.h; explicitFileType = undefined; includeInIndex = 0; };
		F83C3F83F18A452695A485A0 /* MGLGeometry.h */ = {isa = PBXFileReference; name = "MGLGeometry.h"; path = "cordova-plugin-mapbox/MGLGeometry.h"; sourceTree = "<group>"; fileEncoding = 4; lastKnownFileType = sourcecode.c.h; explicitFileType = undefined; includeInIndex = 0; };
		3B2E7E67AA1C4532A568760F /* MGLMapCamera.h */ = {isa = PBXFileReference; name = "MGLMapCamera.h"; path = "cordova-plugin-mapbox/MGLMapCamera.h"; sourceTree = "<group>"; fileEncoding = 4; lastKnownFileType = sourcecode.c.h; explicitFileType = undefined; includeInIndex = 0; };
		FD5E98E54DC243399C2BA60A /* MGLMapView+IBAdditions.h */ = {isa = PBXFileReference; name = "MGLMapView+IBAdditions.h"; path = "cordova-plugin-mapbox/MGLMapView+IBAdditions.h"; sourceTree = "<group>"; fileEncoding = 4; lastKnownFileType = sourcecode.c.h; explicitFileType = undefined; includeInIndex = 0; };
		9C077F9B8F924AA29369C8A5 /* MGLMapView.h */ = {isa = PBXFileReference; name = "MGLMapView.h"; path = "cordova-plugin-mapbox/MGLMapView.h"; sourceTree = "<group>"; fileEncoding = 4; lastKnownFileType = sourcecode.c.h; explicitFileType = undefined; includeInIndex = 0; };
		A6F16AEC7B7349568101153E /* MGLMultiPoint.h */ = {isa = PBXFileReference; name = "MGLMultiPoint.h"; path = "cordova-plugin-mapbox/MGLMultiPoint.h"; sourceTree = "<group>"; fileEncoding = 4; lastKnownFileType = sourcecode.c.h; explicitFileType = undefined; includeInIndex = 0; };
		FC1376A31BB04B2EB0F30B1B /* MGLOverlay.h */ = {isa = PBXFileReference; name = "MGLOverlay.h"; path = "cordova-plugin-mapbox/MGLOverlay.h"; sourceTree = "<group>"; fileEncoding = 4; lastKnownFileType = sourcecode.c.h; explicitFileType = undefined; includeInIndex = 0; };
		4081D17AD3524FC89D475C83 /* MGLPointAnnotation.h */ = {isa = PBXFileReference; name = "MGLPointAnnotation.h"; path = "cordova-plugin-mapbox/MGLPointAnnotation.h"; sourceTree = "<group>"; fileEncoding = 4; lastKnownFileType = sourcecode.c.h; explicitFileType = undefined; includeInIndex = 0; };
		53CE66291EBC4F76AA68175D /* MGLPolygon.h */ = {isa = PBXFileReference; name = "MGLPolygon.h"; path = "cordova-plugin-mapbox/MGLPolygon.h"; sourceTree = "<group>"; fileEncoding = 4; lastKnownFileType = sourcecode.c.h; explicitFileType = undefined; includeInIndex = 0; };
		0FB0082D53E04DA980877314 /* MGLPolyline.h */ = {isa = PBXFileReference; name = "MGLPolyline.h"; path = "cordova-plugin-mapbox/MGLPolyline.h"; sourceTree = "<group>"; fileEncoding = 4; lastKnownFileType = sourcecode.c.h; explicitFileType = undefined; includeInIndex = 0; };
		658F010E94124DE2A0252134 /* MGLShape.h */ = {isa = PBXFileReference; name = "MGLShape.h"; path = "cordova-plugin-mapbox/MGLShape.h"; sourceTree = "<group>"; fileEncoding = 4; lastKnownFileType = sourcecode.c.h; explicitFileType = undefined; includeInIndex = 0; };
		49CDF20927A2499CAA23364D /* MGLStyle.h */ = {isa = PBXFileReference; name = "MGLStyle.h"; path = "cordova-plugin-mapbox/MGLStyle.h"; sourceTree = "<group>"; fileEncoding = 4; lastKnownFileType = sourcecode.c.h; explicitFileType = undefined; includeInIndex = 0; };
		5ECB54EBE94943D78D3DFCD9 /* MGLTypes.h */ = {isa = PBXFileReference; name = "MGLTypes.h"; path = "cordova-plugin-mapbox/MGLTypes.h"; sourceTree = "<group>"; fileEncoding = 4; lastKnownFileType = sourcecode.c.h; explicitFileType = undefined; includeInIndex = 0; };
		05F1C3D1A0D14CDF8BBD16AE /* MGLUserLocation.h */ = {isa = PBXFileReference; name = "MGLUserLocation.h"; path = "cordova-plugin-mapbox/MGLUserLocation.h"; sourceTree = "<group>"; fileEncoding = 4; lastKnownFileType = sourcecode.c.h; explicitFileType = undefined; includeInIndex = 0; };
		0008AF187029463899F1B84B /* Mapbox.bundle */ = {isa = PBXFileReference; name = "Mapbox.bundle"; path = "Mapbox.bundle"; sourceTree = "<group>"; fileEncoding = undefined; lastKnownFileType = wrapper.plug-in; explicitFileType = undefined; includeInIndex = 0; };
		4238CE19473F42D49F90D92C /* Settings.bundle */ = {isa = PBXFileReference; name = "Settings.bundle"; path = "Settings.bundle"; sourceTree = "<group>"; fileEncoding = undefined; lastKnownFileType = wrapper.plug-in; explicitFileType = undefined; includeInIndex = 0; };
		FCCF9801142A4B0089F16245 /* GLKit.framework */ = {isa = PBXFileReference; name = "GLKit.framework"; path = "System/Library/Frameworks/GLKit.framework"; sourceTree = SDKROOT; fileEncoding = undefined; lastKnownFileType = wrapper.framework; explicitFileType = undefined; includeInIndex = 0; };
		8B815B9DF577432AA5672502 /* QuartzCore.framework */ = {isa = PBXFileReference; name = "QuartzCore.framework"; path = "System/Library/Frameworks/QuartzCore.framework"; sourceTree = SDKROOT; fileEncoding = undefined; lastKnownFileType = wrapper.framework; explicitFileType = undefined; includeInIndex = 0; };
		1F19D2EF51A04B77B372FCD8 /* libc++.dylib */ = {isa = PBXFileReference; name = "libc++.dylib"; path = "usr/lib/libc++.dylib"; sourceTree = SDKROOT; fileEncoding = undefined; lastKnownFileType = compiled.mach-o.dylib; explicitFileType = undefined; includeInIndex = 0; };
		F4898355E875437FBE5BBB4E /* libsqlite3.dylib */ = {isa = PBXFileReference; name = "libsqlite3.dylib"; path = "usr/lib/libsqlite3.dylib"; sourceTree = SDKROOT; fileEncoding = undefined; lastKnownFileType = compiled.mach-o.dylib; explicitFileType = undefined; includeInIndex = 0; };
		3020A3CCA42B4D7DADBBC5D9 /* libz.dylib */ = {isa = PBXFileReference; name = "libz.dylib"; path = "usr/lib/libz.dylib"; sourceTree = SDKROOT; fileEncoding = undefined; lastKnownFileType = compiled.mach-o.dylib; explicitFileType = undefined; includeInIndex = 0; };
/* End PBXFileReference section */

/* Begin PBXFrameworksBuildPhase section */
		1D60588F0D05DD3D006BFB54 /* Frameworks */ = {
			isa = PBXFrameworksBuildPhase;
			buildActionMask = 2147483647;
			files = (
				301BF552109A68D80062928A /* libCordova.a in Frameworks */,
				E62A2B1E378340DDB8658096 /* ImageIO.framework in Frameworks */,
				9B1C756B69D349668DABD922 /* CoreLocation.framework in Frameworks */,
				04C44BD3D14940388783B94B /* AVFoundation.framework in Frameworks */,
				1190948F24694C2395B55A56 /* AddressBook.framework in Frameworks */,
				2B350B8802644104993F93BA /* AddressBookUI.framework in Frameworks */,
				3C8ED909D3B649C4AF3B6B82 /* CoreMotion.framework in Frameworks */,
				3AE389C8E1E74B2F9BA881D5 /* AudioToolbox.framework in Frameworks */,
				7118FC7513ED44D4A4718F09 /* SystemConfiguration.framework in Frameworks */,
				135A092F1CC847E1ACADFE78 /* CoreTelephony.framework in Frameworks */,
				FA978E47F3BC456FAD2AB078 /* libMapbox.a in Frameworks */,
				01A14F509FB546088767D8B0 /* GLKit.framework in Frameworks */,
				8C9F4E264F6B48CC8B87A590 /* QuartzCore.framework in Frameworks */,
				70895F6D65B8467995B7A147 /* libc++.dylib in Frameworks */,
				D45EF796CB4C41F9A4F007CD /* libsqlite3.dylib in Frameworks */,
				79726F441286404F977D3A62 /* libz.dylib in Frameworks */,
			);
			runOnlyForDeploymentPostprocessing = 0;
		};
/* End PBXFrameworksBuildPhase section */

/* Begin PBXGroup section */
		080E96DDFE201D6D7F000001 /* Classes */ = {
			isa = PBXGroup;
			children = (
				302D95EE14D2391D003F00A1 /* MainViewController.h */,
				302D95EF14D2391D003F00A1 /* MainViewController.m */,
				302D95F014D2391D003F00A1 /* MainViewController.xib */,
				1D3623240D0F684500981E51 /* AppDelegate.h */,
				1D3623250D0F684500981E51 /* AppDelegate.m */,
			);
			name = Classes;
			path = "FLC Mobile/Classes";
			sourceTree = SOURCE_ROOT;
		};
		19C28FACFE9D520D11CA2CBB /* Products */ = {
			isa = PBXGroup;
			children = (
				1D6058910D05DD3D006BFB54 /* FLC Mobile.app */,
			);
			name = Products;
			sourceTree = "<group>";
		};
		29B97314FDCFA39411CA2CEA /* CustomTemplate */ = {
			isa = PBXGroup;
			children = (
				EB87FDF41871DAF40020F90C /* config.xml */,
				EB87FDF31871DA8E0020F90C /* www */,
				EB87FDF11871DA420020F90C /* Staging */,
				301BF52D109A57CC0062928A /* CordovaLib.xcodeproj */,
				080E96DDFE201D6D7F000001 /* Classes */,
				307C750510C5A3420062BCA9 /* Plugins */,
				29B97315FDCFA39411CA2CEA /* Other Sources */,
				29B97317FDCFA39411CA2CEA /* Resources */,
				29B97323FDCFA39411CA2CEA /* Frameworks */,
				19C28FACFE9D520D11CA2CBB /* Products */,
			);
			name = CustomTemplate;
			sourceTree = "<group>";
		};
		29B97315FDCFA39411CA2CEA /* Other Sources */ = {
			isa = PBXGroup;
			children = (
				32CA4F630368D1EE00C91783 /* FLC Mobile-Prefix.pch */,
				29B97316FDCFA39411CA2CEA /* main.m */,
				ED33DF2A687741AEAF9F8254 /* Bridging-Header.h */,
			);
			name = "Other Sources";
			path = "FLC Mobile";
			sourceTree = "<group>";
		};
		29B97317FDCFA39411CA2CEA /* Resources */ = {
			isa = PBXGroup;
			children = (
				0207DA571B56EA530066E2B4 /* Images.xcassets */,
				3047A50E1AB8057F00498E2A /* config */,
				8D1107310486CEB800E47090 /* FLC Mobile-Info.plist */,
				6AFF5BF81D6E424B00AB3073 /* CDVLaunchScreen.storyboard */,
				0B7477E5A7F745A4B2155CB3 /* CDVNotification.bundle */,
				B353A337ED7241DE8AE11670 /* CDVCapture.bundle */,
				0008AF187029463899F1B84B /* Mapbox.bundle */,
				4238CE19473F42D49F90D92C /* Settings.bundle */,
			);
			name = Resources;
			path = "FLC Mobile/Resources";
			sourceTree = "<group>";
		};
		29B97323FDCFA39411CA2CEA /* Frameworks */ = {
			isa = PBXGroup;
			children = (
				EF67BF6E24784B6FB8D53CFF /* ImageIO.framework */,
				BA50EEEAA9D8461ABE7FBD80 /* CoreLocation.framework */,
				7221FF007EB74FBEB95C3510 /* AVFoundation.framework */,
				C8572DF3DAC74258A26DB68A /* AddressBook.framework */,
				2218624A401B48F59DA6A445 /* AddressBookUI.framework */,
				CA2DBF11E0E24F4AA8EC73C1 /* CoreMotion.framework */,
				AE19E8E528FA4C2CBC66EA6A /* AudioToolbox.framework */,
				B743A38BEB1943E29B96A031 /* SystemConfiguration.framework */,
				79FAD817E99D46EF864FAE9A /* CoreTelephony.framework */,
				1D98D20EDB3E4F28A552A7C4 /* libMapbox.a */,
				FCCF9801142A4B0089F16245 /* GLKit.framework */,
				8B815B9DF577432AA5672502 /* QuartzCore.framework */,
				1F19D2EF51A04B77B372FCD8 /* libc++.dylib */,
				F4898355E875437FBE5BBB4E /* libsqlite3.dylib */,
				3020A3CCA42B4D7DADBBC5D9 /* libz.dylib */,
			);
			name = Frameworks;
			sourceTree = "<group>";
		};
		301BF52E109A57CC0062928A /* Products */ = {
			isa = PBXGroup;
			children = (
				301BF535109A57CC0062928A /* libCordova.a */,
			);
			name = Products;
			sourceTree = "<group>";
		};
		3047A50E1AB8057F00498E2A /* config */ = {
			isa = PBXGroup;
			children = (
				3047A50F1AB8059700498E2A /* build-debug.xcconfig */,
				3047A5101AB8059700498E2A /* build-release.xcconfig */,
				3047A5111AB8059700498E2A /* build.xcconfig */,
			);
			name = config;
			sourceTree = "<group>";
		};
		307C750510C5A3420062BCA9 /* Plugins */ = {
			isa = PBXGroup;
			children = (
				B88586A46C264C3282736060 /* AppAvailability.m */,
				0854F62AEF4B4EFCB9F78451 /* AppAvailability.h */,
				0E73A687ACD241C9AA8AC32D /* CDVBattery.m */,
				3CAC0771443A4B7786CBA2A3 /* CDVBattery.h */,
				120A2596FFDD418AB544FE28 /* UIImage+CropScaleOrientation.m */,
				F9448C32DE8B4A7BA8FEACDF /* CDVCamera.m */,
				FA372FC988524CC8AEEE0587 /* CDVJpegHeaderWriter.m */,
				F8576215131640468305111B /* UIImage+CropScaleOrientation.h */,
				7D3263DFA6914065854C05FB /* CDVCamera.h */,
				DCBB053BC0FA45B085D9892F /* CDVJpegHeaderWriter.h */,
				28775C84EE93468DBB5B90DE /* CDVExif.h */,
				F591969C36054684B051D3EE /* CDVLogger.m */,
				E2CB3190C51247F3B96EF98B /* CDVLogger.h */,
				1F48789162324F599974CD9D /* CDVContacts.m */,
				FA3D7EE2FC824322B981E489 /* CDVContact.m */,
				B828C24980854ACCAD8E7A55 /* CDVContacts.h */,
				A780762385134EC291672C36 /* CDVContact.h */,
				982D39449E024AB4838D7EEA /* CDVDevice.m */,
				568C9928548B40D0A8442A33 /* CDVDevice.h */,
				C314A7A0E07C43BA904B4422 /* CDVAccelerometer.m */,
				EE223B53E1654C64BC38BCE2 /* CDVAccelerometer.h */,
				1B878536C1D247C3889DF8C7 /* CDVCompass.m */,
				5F9E8886EE844AC188996D02 /* CDVCompass.h */,
				42F7117B7DE04DF885F7F67C /* CDVNotification.m */,
				FA1132DA3BA74837B28A6DAC /* CDVNotification.h */,
				9EF921092FC24CDC8A3489CA /* CDVFile.m */,
				E421B67E7FB34952A7CBC93C /* CDVLocalFilesystem.m */,
				3D9A3D85134045C98FCB4EB0 /* CDVAssetLibraryFilesystem.m */,
				5440FF6313B74F24B539AF47 /* CDVFile.h */,
				F9E59BD7A2DB4B4BB8E525EF /* CDVLocalFilesystem.h */,
				5EEB3FF9D42F4CDA9C8E954E /* CDVAssetLibraryFilesystem.h */,
				31C61B58492F47A6BCECD2DE /* CDVFileTransfer.m */,
				F473D514F7534C8AA777C30F /* CDVFileTransfer.h */,
				BF45C8FD1CF7471792C1D1FF /* CDVLocation.m */,
				D1F53027F14B4036BBDA6A11 /* CDVLocation.h */,
				E84F4C48B96F42E9A809D5A8 /* CDVGlobalization.m */,
				BCC9AC5BC4114427AD1C3CDB /* CDVGlobalization.h */,
				E869F2ABFD6F47DABC2C07B8 /* CDVInAppBrowser.m */,
				3FD22292AB6743F68AB3C498 /* CDVInAppBrowser.h */,
				6D4917A23A324983B01D281C /* CDVSound.m */,
				92560B6642C04A23916FD0FE /* CDVSound.h */,
				4ECA18787696449D8D48567F /* CDVCapture.m */,
				3F1D8A3C172E4A5CBBDEBAFC /* CDVCapture.h */,
				4F8CD02CEC3F4C6A855D1B1C /* CDVConnection.m */,
				7DD89519B6BA4CBCAFD30F77 /* CDVReachability.m */,
				B52FAC5149FF4D0A89F56C9E /* CDVConnection.h */,
				9CEA9305197D40C481AAFFEC /* CDVReachability.h */,
				06A752DA197A4A6C8A65211E /* CDVStatusBar.m */,
				8017EB313ACD4E0C9CA357F1 /* CDVStatusBar.h */,
				273C0BC1A9324E7C9AFC68A3 /* CDVVibration.m */,
				314AECB91673456380A535F3 /* CDVVibration.h */,
				13ADE27E3DC845ECA3BAF493 /* CDVMapbox.m */,
				30330969205D458C926E1870 /* CDVMapbox.h */,
				616050BE6D1742E288419012 /* Mapbox.h */,
				7687C06A832A4DBC8590639F /* MGLAccountManager.h */,
				D786BF7522B7459A9E6CF2F4 /* MGLAnnotation.h */,
				0AA030103E974D8EA80CD195 /* MGLAnnotationImage.h */,
				F83C3F83F18A452695A485A0 /* MGLGeometry.h */,
				3B2E7E67AA1C4532A568760F /* MGLMapCamera.h */,
				FD5E98E54DC243399C2BA60A /* MGLMapView+IBAdditions.h */,
				9C077F9B8F924AA29369C8A5 /* MGLMapView.h */,
				A6F16AEC7B7349568101153E /* MGLMultiPoint.h */,
				FC1376A31BB04B2EB0F30B1B /* MGLOverlay.h */,
				4081D17AD3524FC89D475C83 /* MGLPointAnnotation.h */,
				53CE66291EBC4F76AA68175D /* MGLPolygon.h */,
				0FB0082D53E04DA980877314 /* MGLPolyline.h */,
				658F010E94124DE2A0252134 /* MGLShape.h */,
				49CDF20927A2499CAA23364D /* MGLStyle.h */,
				5ECB54EBE94943D78D3DFCD9 /* MGLTypes.h */,
				05F1C3D1A0D14CDF8BBD16AE /* MGLUserLocation.h */,
			);
			name = Plugins;
			path = "FLC Mobile/Plugins";
			sourceTree = SOURCE_ROOT;
		};
		EB87FDF11871DA420020F90C /* Staging */ = {
			isa = PBXGroup;
			children = (
				F840E1F0165FE0F500CFE078 /* config.xml */,
				301BF56E109A69640062928A /* www */,
			);
			name = Staging;
			sourceTree = "<group>";
		};
/* End PBXGroup section */

/* Begin PBXNativeTarget section */
		1D6058900D05DD3D006BFB54 /* FLC Mobile */ = {
			isa = PBXNativeTarget;
			buildConfigurationList = 1D6058960D05DD3E006BFB54 /* Build configuration list for PBXNativeTarget "FLC Mobile" */;
			buildPhases = (
				304B58A110DAC018002A0835 /* Copy www directory */,
				1D60588D0D05DD3D006BFB54 /* Resources */,
				1D60588E0D05DD3D006BFB54 /* Sources */,
				1D60588F0D05DD3D006BFB54 /* Frameworks */,
			);
			buildRules = (
			);
			dependencies = (
				301BF551109A68C00062928A /* PBXTargetDependency */,
			);
			name = "FLC Mobile";
			productName = "FLC Mobile";
			productReference = 1D6058910D05DD3D006BFB54 /* FLC Mobile.app */;
			productType = "com.apple.product-type.application";
		};
/* End PBXNativeTarget section */

/* Begin PBXProject section */
		29B97313FDCFA39411CA2CEA /* Project object */ = {
			isa = PBXProject;
			attributes = {
				LastUpgradeCheck = 510;
			};
			buildConfigurationList = C01FCF4E08A954540054247B /* Build configuration list for PBXProject "__NON-CLI__" */;
			compatibilityVersion = "Xcode 3.2";
			developmentRegion = English;
			hasScannedForEncodings = 1;
			mainGroup = 29B97314FDCFA39411CA2CEA /* CustomTemplate */;
			projectDirPath = "";
			projectReferences = (
				{
					ProductGroup = 301BF52E109A57CC0062928A /* Products */;
					ProjectRef = 301BF52D109A57CC0062928A /* CordovaLib.xcodeproj */;
				},
			);
			projectRoot = "";
			targets = (
				1D6058900D05DD3D006BFB54 /* FLC Mobile */,
			);
		};
/* End PBXProject section */

/* Begin PBXReferenceProxy section */
		301BF535109A57CC0062928A /* libCordova.a */ = {
			isa = PBXReferenceProxy;
			fileType = archive.ar;
			path = libCordova.a;
			remoteRef = 301BF534109A57CC0062928A /* PBXContainerItemProxy */;
			sourceTree = BUILT_PRODUCTS_DIR;
		};
/* End PBXReferenceProxy section */

/* Begin PBXResourcesBuildPhase section */
		1D60588D0D05DD3D006BFB54 /* Resources */ = {
			isa = PBXResourcesBuildPhase;
			buildActionMask = 2147483647;
			files = (
				302D95F214D2391D003F00A1 /* MainViewController.xib in Resources */,
				0207DA581B56EA530066E2B4 /* Images.xcassets in Resources */,
				6AFF5BF91D6E424B00AB3073 /* CDVLaunchScreen.storyboard in Resources */,
				23558BA59646421F89312263 /* CDVNotification.bundle in Resources */,
				B634D3C00AA14B55B1AE742C /* CDVCapture.bundle in Resources */,
				D2A0612635384718A60E7F01 /* Mapbox.bundle in Resources */,
				598F8B4557164478BC7E3CAD /* Settings.bundle in Resources */,
			);
			runOnlyForDeploymentPostprocessing = 0;
		};
/* End PBXResourcesBuildPhase section */

/* Begin PBXShellScriptBuildPhase section */
		304B58A110DAC018002A0835 /* Copy www directory */ = {
			isa = PBXShellScriptBuildPhase;
			buildActionMask = 2147483647;
			files = (
			);
			inputPaths = (
			);
			name = "Copy www directory";
			outputPaths = (
			);
			runOnlyForDeploymentPostprocessing = 0;
			shellPath = /bin/sh;
			shellScript = "NODEJS_PATH=/usr/local/bin; NVM_NODE_PATH=~/.nvm/versions/node/`nvm version 2>/dev/null`/bin; N_NODE_PATH=`find /usr/local/n/versions/node/* -maxdepth 0 -type d 2>/dev/null | tail -1`/bin; XCODE_NODE_PATH=`xcode-select --print-path`/usr/share/xcs/Node/bin; PATH=$NODEJS_PATH:$NVM_NODE_PATH:$N_NODE_PATH:$XCODE_NODE_PATH:$PATH && node cordova/lib/copy-www-build-step.js";
			showEnvVarsInLog = 0;
		};
/* End PBXShellScriptBuildPhase section */

/* Begin PBXSourcesBuildPhase section */
		1D60588E0D05DD3D006BFB54 /* Sources */ = {
			isa = PBXSourcesBuildPhase;
			buildActionMask = 2147483647;
			files = (
				1D60589B0D05DD56006BFB54 /* main.m in Sources */,
				1D3623260D0F684500981E51 /* AppDelegate.m in Sources */,
				302D95F114D2391D003F00A1 /* MainViewController.m in Sources */,
				5EA38C416E0C4492B223D15C /* AppAvailability.m in Sources */,
				37C848B733A24CD28D04DEDA /* CDVBattery.m in Sources */,
				79B6DBA6B9544796B14B4057 /* UIImage+CropScaleOrientation.m in Sources */,
				5C30B543728746278E5165C8 /* CDVCamera.m in Sources */,
				1BD124BB14814B42AEEE7DB4 /* CDVJpegHeaderWriter.m in Sources */,
				FBF262CF938044978D9DC642 /* CDVLogger.m in Sources */,
				6081739B205A4567AB403816 /* CDVContacts.m in Sources */,
				D8B48BDF513E4E40BBAE31D9 /* CDVContact.m in Sources */,
				580FA8BB43AA43E4B32F295B /* CDVDevice.m in Sources */,
				A3D7A235D0BA4D8B883FB8A1 /* CDVAccelerometer.m in Sources */,
				1F69A14166594A3998250430 /* CDVCompass.m in Sources */,
				D43736F9C386449AA28D8090 /* CDVNotification.m in Sources */,
				C68737EB762F4C1386AF7EE5 /* CDVFile.m in Sources */,
				F34242A3EF87435590AFEBA6 /* CDVLocalFilesystem.m in Sources */,
				23BB29FACDE54480B6C40D41 /* CDVAssetLibraryFilesystem.m in Sources */,
				C20EB0EC6755448696CEAE27 /* CDVFileTransfer.m in Sources */,
				34C5F33F46034AB5A0AB6288 /* CDVLocation.m in Sources */,
				A2B0BEB4305A497B8EA3601F /* CDVGlobalization.m in Sources */,
				D601FAA36730474AB7D603BA /* CDVInAppBrowser.m in Sources */,
				A335F462F70F469DAD88120B /* CDVSound.m in Sources */,
				8D42986E21184C9D98EB13A9 /* CDVCapture.m in Sources */,
				A526917DB7EC43998F4384CE /* CDVConnection.m in Sources */,
				1AD69F070D104537BD795F17 /* CDVReachability.m in Sources */,
				F011D1C7613B4C77BD978C5C /* CDVStatusBar.m in Sources */,
				3C8BAC0EE21D4AEEA8E6D18F /* CDVVibration.m in Sources */,
				9007A4B624FE4D85B5F6F357 /* CDVMapbox.m in Sources */,
			);
			runOnlyForDeploymentPostprocessing = 0;
		};
/* End PBXSourcesBuildPhase section */

/* Begin PBXTargetDependency section */
		301BF551109A68C00062928A /* PBXTargetDependency */ = {
			isa = PBXTargetDependency;
			name = CordovaLib;
			targetProxy = 301BF550109A68C00062928A /* PBXContainerItemProxy */;
		};
/* End PBXTargetDependency section */

/* Begin XCBuildConfiguration section */
		1D6058940D05DD3E006BFB54 /* Debug */ = {
			isa = XCBuildConfiguration;
			baseConfigurationReference = 3047A50F1AB8059700498E2A /* build-debug.xcconfig */;
			buildSettings = {
				ALWAYS_SEARCH_USER_PATHS = NO;
				ASSETCATALOG_COMPILER_APPICON_NAME = AppIcon;
				ASSETCATALOG_COMPILER_LAUNCHIMAGE_NAME = LaunchImage;
				CLANG_ENABLE_MODULES = YES;
				CLANG_ENABLE_OBJC_ARC = YES;
				COPY_PHASE_STRIP = NO;
				GCC_DYNAMIC_NO_PIC = NO;
				GCC_OPTIMIZATION_LEVEL = 0;
				GCC_PRECOMPILE_PREFIX_HEADER = YES;
				GCC_PREFIX_HEADER = "FLC Mobile/FLC Mobile-Prefix.pch";
				GCC_THUMB_SUPPORT = NO;
				GCC_VERSION = "";
				INFOPLIST_FILE = "FLC Mobile/FLC Mobile-Info.plist";
				LD_RUNPATH_SEARCH_PATHS = "@executable_path/Frameworks";
				PRODUCT_NAME = "FLC Mobile";
				LIBRARY_SEARCH_PATHS = (
					"$(inherited)",
					"\"$(SRCROOT)/FLC Mobile/Plugins/cordova-plugin-mapbox\"",
				);
			};
			name = Debug;
		};
		1D6058950D05DD3E006BFB54 /* Release */ = {
			isa = XCBuildConfiguration;
			baseConfigurationReference = 3047A5101AB8059700498E2A /* build-release.xcconfig */;
			buildSettings = {
				ALWAYS_SEARCH_USER_PATHS = NO;
				ASSETCATALOG_COMPILER_APPICON_NAME = AppIcon;
				ASSETCATALOG_COMPILER_LAUNCHIMAGE_NAME = LaunchImage;
				CLANG_ENABLE_MODULES = YES;
				CLANG_ENABLE_OBJC_ARC = YES;
				COPY_PHASE_STRIP = YES;
				GCC_PRECOMPILE_PREFIX_HEADER = YES;
				GCC_PREFIX_HEADER = "FLC Mobile/FLC Mobile-Prefix.pch";
				GCC_THUMB_SUPPORT = NO;
				GCC_VERSION = "";
				INFOPLIST_FILE = "FLC Mobile/FLC Mobile-Info.plist";
				LD_RUNPATH_SEARCH_PATHS = "@executable_path/Frameworks";
				PRODUCT_NAME = "FLC Mobile";
				LIBRARY_SEARCH_PATHS = (
					"$(inherited)",
					"\"$(SRCROOT)/FLC Mobile/Plugins/cordova-plugin-mapbox\"",
				);
			};
			name = Release;
		};
		C01FCF4F08A954540054247B /* Debug */ = {
			isa = XCBuildConfiguration;
			baseConfigurationReference = 3047A5111AB8059700498E2A /* build.xcconfig */;
			buildSettings = {
				CLANG_ENABLE_MODULES = YES;
				CLANG_ENABLE_OBJC_ARC = YES;
				CLANG_WARN_BOOL_CONVERSION = YES;
				CLANG_WARN_CONSTANT_CONVERSION = YES;
				CLANG_WARN_EMPTY_BODY = YES;
				CLANG_WARN_ENUM_CONVERSION = YES;
				CLANG_WARN_INT_CONVERSION = YES;
				CLANG_WARN__DUPLICATE_METHOD_MATCH = YES;
				GCC_C_LANGUAGE_STANDARD = c99;
				GCC_THUMB_SUPPORT = NO;
				GCC_VERSION = "";
				GCC_WARN_ABOUT_RETURN_TYPE = YES;
				GCC_WARN_UNDECLARED_SELECTOR = YES;
				GCC_WARN_UNINITIALIZED_AUTOS = YES;
				GCC_WARN_UNUSED_FUNCTION = YES;
				GCC_WARN_UNUSED_VARIABLE = YES;
				ONLY_ACTIVE_ARCH = YES;
				SDKROOT = iphoneos;
				SKIP_INSTALL = NO;
			};
			name = Debug;
		};
		C01FCF5008A954540054247B /* Release */ = {
			isa = XCBuildConfiguration;
			baseConfigurationReference = 3047A5111AB8059700498E2A /* build.xcconfig */;
			buildSettings = {
				CLANG_ENABLE_MODULES = YES;
				CLANG_ENABLE_OBJC_ARC = YES;
				CLANG_WARN_BOOL_CONVERSION = YES;
				CLANG_WARN_CONSTANT_CONVERSION = YES;
				CLANG_WARN_EMPTY_BODY = YES;
				CLANG_WARN_ENUM_CONVERSION = YES;
				CLANG_WARN_INT_CONVERSION = YES;
				CLANG_WARN__DUPLICATE_METHOD_MATCH = YES;
				GCC_C_LANGUAGE_STANDARD = c99;
				GCC_THUMB_SUPPORT = NO;
				GCC_VERSION = "";
				GCC_WARN_ABOUT_RETURN_TYPE = YES;
				GCC_WARN_UNDECLARED_SELECTOR = YES;
				GCC_WARN_UNINITIALIZED_AUTOS = YES;
				GCC_WARN_UNUSED_FUNCTION = YES;
				GCC_WARN_UNUSED_VARIABLE = YES;
				SDKROOT = iphoneos;
				SKIP_INSTALL = NO;
			};
			name = Release;
		};
/* End XCBuildConfiguration section */

/* Begin XCConfigurationList section */
		1D6058960D05DD3E006BFB54 /* Build configuration list for PBXNativeTarget "FLC Mobile" */ = {
			isa = XCConfigurationList;
			buildConfigurations = (
				1D6058940D05DD3E006BFB54 /* Debug */,
				1D6058950D05DD3E006BFB54 /* Release */,
			);
			defaultConfigurationIsVisible = 0;
			defaultConfigurationName = Release;
		};
		C01FCF4E08A954540054247B /* Build configuration list for PBXProject "__NON-CLI__" */ = {
			isa = XCConfigurationList;
			buildConfigurations = (
				C01FCF4F08A954540054247B /* Debug */,
				C01FCF5008A954540054247B /* Release */,
			);
			defaultConfigurationIsVisible = 0;
			defaultConfigurationName = Release;
		};
/* End XCConfigurationList section */
	};
	rootObject = 29B97313FDCFA39411CA2CEA /* Project object */;
}
